
Microsoft Visual Studio Solution File, Format Version 12.00
# Visual Studio Version 16
VisualStudioVersion = 16.0.31129.286
MinimumVisualStudioVersion = 10.0.40219.1
Project("{9A19103F-16F7-4668-BE54-9A1E7A4F7556}") = "MenuApp", "MenuApp\MenuApp.csproj", "{A3B8A540-30D9-4C28-9ED1-493A5DCCC042}"
EndProject
Project("{FAE04EC0-301F-11D3-BF4B-00C04F79EFBC}") = "MenuApp.test", "MenuApp.test\MenuApp.test.csproj", "{27E3478D-7141-4144-8778-14DC1E159B53}"
EndProject
Global
	GlobalSection(SolutionConfigurationPlatforms) = preSolution
		Debug|Any CPU = Debug|Any CPU
		Release|Any CPU = Release|Any CPU
	EndGlobalSection
	GlobalSection(ProjectConfigurationPlatforms) = postSolution
		{A3B8A540-30D9-4C28-9ED1-493A5DCCC042}.Debug|Any CPU.ActiveCfg = Debug|Any CPU
		{A3B8A540-30D9-4C28-9ED1-493A5DCCC042}.Debug|Any CPU.Build.0 = Debug|Any CPU
		{A3B8A540-30D9-4C28-9ED1-493A5DCCC042}.Release|Any CPU.ActiveCfg = Release|Any CPU
		{A3B8A540-30D9-4C28-9ED1-493A5DCCC042}.Release|Any CPU.Build.0 = Release|Any CPU
		{27E3478D-7141-4144-8778-14DC1E159B53}.Debug|Any CPU.ActiveCfg = Debug|Any CPU
		{27E3478D-7141-4144-8778-14DC1E159B53}.Debug|Any CPU.Build.0 = Debug|Any CPU
		{27E3478D-7141-4144-8778-14DC1E159B53}.Release|Any CPU.ActiveCfg = Release|Any CPU
		{27E3478D-7141-4144-8778-14DC1E159B53}.Release|Any CPU.Build.0 = Release|Any CPU
	EndGlobalSection
	GlobalSection(SolutionProperties) = preSolution
		HideSolutionNode = FALSE
	EndGlobalSection
	GlobalSection(ExtensibilityGlobals) = postSolution
		SolutionGuid = {C5A620F4-69E8-482A-9B76-E4ACEAEBE9B0}
	EndGlobalSection
EndGlobal
